
Microsoft Visual Studio Solution File, Format Version 12.00
# Visual Studio Version 17
VisualStudioVersion = 17.2.32516.85
MinimumVisualStudioVersion = 10.0.40219.1
Project("{9A19103F-16F7-4668-BE54-9A1E7A4F7556}") = "SocialSwap.Api", "SocialSwap.Api\SocialSwap.Api.csproj", "{73F3A10B-D6E0-4E83-B30D-1CEB6997F85D}"
EndProject
Project("{9A19103F-16F7-4668-BE54-9A1E7A4F7556}") = "SocialSwap.Infrastructure", "SocialSwap.Infrastructure\SocialSwap.Infrastructure.csproj", "{0180E316-EAB5-4F22-B017-610A6CEDF31C}"
EndProject
Project("{9A19103F-16F7-4668-BE54-9A1E7A4F7556}") = "SocialSwap.Domain", "SocialSwap.Domain\SocialSwap.Domain.csproj", "{18C652DC-900D-45F3-A96A-7BAEDE1AA368}"
EndProject
Project("{FAE04EC0-301F-11D3-BF4B-00C04F79EFBC}") = "SocialSwap.Application.Server", "SocialSwap.Application\Server\SocialSwap.Application.Server.csproj", "{430B30CB-4BBE-48EA-ADE5-F59AB8BFF4E0}"
EndProject
Project("{FAE04EC0-301F-11D3-BF4B-00C04F79EFBC}") = "SocialSwap.Application.Client", "SocialSwap.Application\Client\SocialSwap.Application.Client.csproj", "{8FBAE2D9-D129-4E08-BBBC-A57FE342EE22}"
EndProject
Project("{FAE04EC0-301F-11D3-BF4B-00C04F79EFBC}") = "SocialSwap.Application.Shared", "SocialSwap.Application\Shared\SocialSwap.Application.Shared.csproj", "{CDE9E7C4-636C-4494-8090-BF4C27A83F7D}"
EndProject
Project("{2150E333-8FDC-42A3-9474-1A3956D46DE8}") = "Solution Items", "Solution Items", "{9A19C149-2BAA-42C9-908D-247E5E9D37D7}"
	ProjectSection(SolutionItems) = preProject
		.editorconfig = .editorconfig
	EndProjectSection
EndProject
Global
	GlobalSection(SolutionConfigurationPlatforms) = preSolution
		Debug|Any CPU = Debug|Any CPU
		Release|Any CPU = Release|Any CPU
	EndGlobalSection
	GlobalSection(ProjectConfigurationPlatforms) = postSolution
		{73F3A10B-D6E0-4E83-B30D-1CEB6997F85D}.Debug|Any CPU.ActiveCfg = Debug|Any CPU
		{73F3A10B-D6E0-4E83-B30D-1CEB6997F85D}.Debug|Any CPU.Build.0 = Debug|Any CPU
		{73F3A10B-D6E0-4E83-B30D-1CEB6997F85D}.Release|Any CPU.ActiveCfg = Release|Any CPU
		{73F3A10B-D6E0-4E83-B30D-1CEB6997F85D}.Release|Any CPU.Build.0 = Release|Any CPU
		{0180E316-EAB5-4F22-B017-610A6CEDF31C}.Debug|Any CPU.ActiveCfg = Debug|Any CPU
		{0180E316-EAB5-4F22-B017-610A6CEDF31C}.Debug|Any CPU.Build.0 = Debug|Any CPU
		{0180E316-EAB5-4F22-B017-610A6CEDF31C}.Release|Any CPU.ActiveCfg = Release|Any CPU
		{0180E316-EAB5-4F22-B017-610A6CEDF31C}.Release|Any CPU.Build.0 = Release|Any CPU
		{18C652DC-900D-45F3-A96A-7BAEDE1AA368}.Debug|Any CPU.ActiveCfg = Debug|Any CPU
		{18C652DC-900D-45F3-A96A-7BAEDE1AA368}.Debug|Any CPU.Build.0 = Debug|Any CPU
		{18C652DC-900D-45F3-A96A-7BAEDE1AA368}.Release|Any CPU.ActiveCfg = Release|Any CPU
		{18C652DC-900D-45F3-A96A-7BAEDE1AA368}.Release|Any CPU.Build.0 = Release|Any CPU
		{430B30CB-4BBE-48EA-ADE5-F59AB8BFF4E0}.Debug|Any CPU.ActiveCfg = Debug|Any CPU
		{430B30CB-4BBE-48EA-ADE5-F59AB8BFF4E0}.Debug|Any CPU.Build.0 = Debug|Any CPU
		{430B30CB-4BBE-48EA-ADE5-F59AB8BFF4E0}.Release|Any CPU.ActiveCfg = Release|Any CPU
		{430B30CB-4BBE-48EA-ADE5-F59AB8BFF4E0}.Release|Any CPU.Build.0 = Release|Any CPU
		{8FBAE2D9-D129-4E08-BBBC-A57FE342EE22}.Debug|Any CPU.ActiveCfg = Debug|Any CPU
		{8FBAE2D9-D129-4E08-BBBC-A57FE342EE22}.Debug|Any CPU.Build.0 = Debug|Any CPU
		{8FBAE2D9-D129-4E08-BBBC-A57FE342EE22}.Release|Any CPU.ActiveCfg = Release|Any CPU
		{8FBAE2D9-D129-4E08-BBBC-A57FE342EE22}.Release|Any CPU.Build.0 = Release|Any CPU
		{CDE9E7C4-636C-4494-8090-BF4C27A83F7D}.Debug|Any CPU.ActiveCfg = Debug|Any CPU
		{CDE9E7C4-636C-4494-8090-BF4C27A83F7D}.Debug|Any CPU.Build.0 = Debug|Any CPU
		{CDE9E7C4-636C-4494-8090-BF4C27A83F7D}.Release|Any CPU.ActiveCfg = Release|Any CPU
		{CDE9E7C4-636C-4494-8090-BF4C27A83F7D}.Release|Any CPU.Build.0 = Release|Any CPU
	EndGlobalSection
	GlobalSection(SolutionProperties) = preSolution
		HideSolutionNode = FALSE
	EndGlobalSection
	GlobalSection(ExtensibilityGlobals) = postSolution
		SolutionGuid = {188549DF-D437-4385-B338-FB9F6E5B6727}
	EndGlobalSection
EndGlobal
